
Microsoft Visual Studio Solution File, Format Version 12.00
# Visual Studio 14
VisualStudioVersion = 14.0.25123.0
MinimumVisualStudioVersion = 10.0.40219.1
Project("{FAE04EC0-301F-11D3-BF4B-00C04F79EFBC}") = "EStudio", "EStudio\EStudio.csproj", "{B27C8C0B-8C70-4F17-B692-1D8B4ED83262}"
EndProject
Project("{FAE04EC0-301F-11D3-BF4B-00C04F79EFBC}") = "ES.DocumentView", "ES.DocumentView\ES.DocumentView.csproj", "{A8045A23-CED8-4935-B943-7079AE252303}"
EndProject
Project("{FAE04EC0-301F-11D3-BF4B-00C04F79EFBC}") = "ES.Math", "ES.Math\ES.Math.csproj", "{E215E584-61BC-429F-B618-3BAE272A855E}"
EndProject
Project("{FAE04EC0-301F-11D3-BF4B-00C04F79EFBC}") = "ES.Schematic", "ES.Schematic\ES.Schematic.csproj", "{CFBA632B-F984-4F8E-8DA4-60013610608F}"
EndProject
Project("{FAE04EC0-301F-11D3-BF4B-00C04F79EFBC}") = "ES.DumyPlugIn", "ES.DumyPlugIn\ES.DumyPlugIn.csproj", "{93E08F30-A4E2-4542-AD3B-A2DBB1832921}"
EndProject
Project("{FAE04EC0-301F-11D3-BF4B-00C04F79EFBC}") = "ES.PlugInInterface", "ES.PlugInInterface\ES.PlugInInterface.csproj", "{4C68CCAB-07D7-4DD0-8474-A8C86D37691E}"
EndProject
Project("{FAE04EC0-301F-11D3-BF4B-00C04F79EFBC}") = "ES.PlugInManager", "ES.PlugInManager\ES.PlugInManager.csproj", "{85E246FE-1C12-4779-B943-86CD0EBB7B79}"
EndProject
Project("{FAE04EC0-301F-11D3-BF4B-00C04F79EFBC}") = "ES.Settings", "EStudio.Settings\ES.Settings.csproj", "{33603416-E6F4-41C6-93BD-DE5F5761C96B}"
EndProject
Global
	GlobalSection(SolutionConfigurationPlatforms) = preSolution
		Debug|Any CPU = Debug|Any CPU
		Release|Any CPU = Release|Any CPU
	EndGlobalSection
	GlobalSection(ProjectConfigurationPlatforms) = postSolution
		{B27C8C0B-8C70-4F17-B692-1D8B4ED83262}.Debug|Any CPU.ActiveCfg = Debug|Any CPU
		{B27C8C0B-8C70-4F17-B692-1D8B4ED83262}.Debug|Any CPU.Build.0 = Debug|Any CPU
		{B27C8C0B-8C70-4F17-B692-1D8B4ED83262}.Release|Any CPU.ActiveCfg = Release|Any CPU
		{B27C8C0B-8C70-4F17-B692-1D8B4ED83262}.Release|Any CPU.Build.0 = Release|Any CPU
		{A8045A23-CED8-4935-B943-7079AE252303}.Debug|Any CPU.ActiveCfg = Debug|Any CPU
		{A8045A23-CED8-4935-B943-7079AE252303}.Debug|Any CPU.Build.0 = Debug|Any CPU
		{A8045A23-CED8-4935-B943-7079AE252303}.Release|Any CPU.ActiveCfg = Release|Any CPU
		{A8045A23-CED8-4935-B943-7079AE252303}.Release|Any CPU.Build.0 = Release|Any CPU
		{E215E584-61BC-429F-B618-3BAE272A855E}.Debug|Any CPU.ActiveCfg = Debug|Any CPU
		{E215E584-61BC-429F-B618-3BAE272A855E}.Debug|Any CPU.Build.0 = Debug|Any CPU
		{E215E584-61BC-429F-B618-3BAE272A855E}.Release|Any CPU.ActiveCfg = Release|Any CPU
		{E215E584-61BC-429F-B618-3BAE272A855E}.Release|Any CPU.Build.0 = Release|Any CPU
		{CFBA632B-F984-4F8E-8DA4-60013610608F}.Debug|Any CPU.ActiveCfg = Debug|Any CPU
		{CFBA632B-F984-4F8E-8DA4-60013610608F}.Debug|Any CPU.Build.0 = Debug|Any CPU
		{CFBA632B-F984-4F8E-8DA4-60013610608F}.Release|Any CPU.ActiveCfg = Release|Any CPU
		{CFBA632B-F984-4F8E-8DA4-60013610608F}.Release|Any CPU.Build.0 = Release|Any CPU
		{93E08F30-A4E2-4542-AD3B-A2DBB1832921}.Debug|Any CPU.ActiveCfg = Debug|Any CPU
		{93E08F30-A4E2-4542-AD3B-A2DBB1832921}.Debug|Any CPU.Build.0 = Debug|Any CPU
		{93E08F30-A4E2-4542-AD3B-A2DBB1832921}.Release|Any CPU.ActiveCfg = Release|Any CPU
		{93E08F30-A4E2-4542-AD3B-A2DBB1832921}.Release|Any CPU.Build.0 = Release|Any CPU
		{4C68CCAB-07D7-4DD0-8474-A8C86D37691E}.Debug|Any CPU.ActiveCfg = Debug|Any CPU
		{4C68CCAB-07D7-4DD0-8474-A8C86D37691E}.Debug|Any CPU.Build.0 = Debug|Any CPU
		{4C68CCAB-07D7-4DD0-8474-A8C86D37691E}.Release|Any CPU.ActiveCfg = Release|Any CPU
		{4C68CCAB-07D7-4DD0-8474-A8C86D37691E}.Release|Any CPU.Build.0 = Release|Any CPU
		{85E246FE-1C12-4779-B943-86CD0EBB7B79}.Debug|Any CPU.ActiveCfg = Debug|Any CPU
		{85E246FE-1C12-4779-B943-86CD0EBB7B79}.Debug|Any CPU.Build.0 = Debug|Any CPU
		{85E246FE-1C12-4779-B943-86CD0EBB7B79}.Release|Any CPU.ActiveCfg = Release|Any CPU
		{85E246FE-1C12-4779-B943-86CD0EBB7B79}.Release|Any CPU.Build.0 = Release|Any CPU
		{33603416-E6F4-41C6-93BD-DE5F5761C96B}.Debug|Any CPU.ActiveCfg = Debug|Any CPU
		{33603416-E6F4-41C6-93BD-DE5F5761C96B}.Debug|Any CPU.Build.0 = Debug|Any CPU
		{33603416-E6F4-41C6-93BD-DE5F5761C96B}.Release|Any CPU.ActiveCfg = Release|Any CPU
		{33603416-E6F4-41C6-93BD-DE5F5761C96B}.Release|Any CPU.Build.0 = Release|Any CPU
	EndGlobalSection
	GlobalSection(SolutionProperties) = preSolution
		HideSolutionNode = FALSE
	EndGlobalSection
EndGlobal
